
Microsoft Visual Studio Solution File, Format Version 12.00
# Visual Studio Version 16
VisualStudioVersion = 16.0.29509.3
MinimumVisualStudioVersion = 10.0.40219.1
Project("{8BC9CEB8-8B4A-11D0-8D11-00A0C91BC942}") = "Lab1_map_final", "Lab1_map_final.vcxproj", "{9D88B709-BFC1-4653-A1F1-B2A64F60617F}"
EndProject
Project("{8BC9CEB8-8B4A-11D0-8D11-00A0C91BC942}") = "map_tests", "map_tests\map_tests.vcxproj", "{70DA67CC-9C3E-4936-9CAA-F00854991B73}"
EndProject
Global
	GlobalSection(SolutionConfigurationPlatforms) = preSolution
		Debug|x64 = Debug|x64
		Debug|x86 = Debug|x86
		Release|x64 = Release|x64
		Release|x86 = Release|x86
	EndGlobalSection
	GlobalSection(ProjectConfigurationPlatforms) = postSolution
		{9D88B709-BFC1-4653-A1F1-B2A64F60617F}.Debug|x64.ActiveCfg = Debug|x64
		{9D88B709-BFC1-4653-A1F1-B2A64F60617F}.Debug|x64.Build.0 = Debug|x64
		{9D88B709-BFC1-4653-A1F1-B2A64F60617F}.Debug|x86.ActiveCfg = Debug|Win32
		{9D88B709-BFC1-4653-A1F1-B2A64F60617F}.Debug|x86.Build.0 = Debug|Win32
		{9D88B709-BFC1-4653-A1F1-B2A64F60617F}.Release|x64.ActiveCfg = Release|x64
		{9D88B709-BFC1-4653-A1F1-B2A64F60617F}.Release|x64.Build.0 = Release|x64
		{9D88B709-BFC1-4653-A1F1-B2A64F60617F}.Release|x86.ActiveCfg = Release|Win32
		{9D88B709-BFC1-4653-A1F1-B2A64F60617F}.Release|x86.Build.0 = Release|Win32
		{70DA67CC-9C3E-4936-9CAA-F00854991B73}.Debug|x64.ActiveCfg = Debug|x64
		{70DA67CC-9C3E-4936-9CAA-F00854991B73}.Debug|x64.Build.0 = Debug|x64
		{70DA67CC-9C3E-4936-9CAA-F00854991B73}.Debug|x86.ActiveCfg = Debug|Win32
		{70DA67CC-9C3E-4936-9CAA-F00854991B73}.Debug|x86.Build.0 = Debug|Win32
		{70DA67CC-9C3E-4936-9CAA-F00854991B73}.Release|x64.ActiveCfg = Release|x64
		{70DA67CC-9C3E-4936-9CAA-F00854991B73}.Release|x64.Build.0 = Release|x64
		{70DA67CC-9C3E-4936-9CAA-F00854991B73}.Release|x86.ActiveCfg = Release|Win32
		{70DA67CC-9C3E-4936-9CAA-F00854991B73}.Release|x86.Build.0 = Release|Win32
	EndGlobalSection
	GlobalSection(SolutionProperties) = preSolution
		HideSolutionNode = FALSE
	EndGlobalSection
	GlobalSection(ExtensibilityGlobals) = postSolution
		SolutionGuid = {9E55FB93-F9BB-4E6E-82E7-27EA72472940}
	EndGlobalSection
EndGlobal
